golang.org/x/crypto v0.45.0 h1:jMBrvKuj23MTlT0bQEOBcAE0mjg8mK9RXFhRH6nyF3Q=
golang.org/x/crypto v0.45.0/go.mod h1:XTGrrkGJve7CYK7J8PEww4aY7gM3qMCElcJQ8n8JdX4=
software.sslmate.com/src/go-pkcs12 v0.6.0 h1:f3sQittAeF+pao32Vb+mkli+ZyT+VwKaD014qFGq6oU=
software.sslmate.com/src/go-pkcs12 v0.6.0/go.mod h1:Qiz0EyvDRJjjxGyUQa2cCNZn/wMyzrRJ/qcDXOQazLI=
